
Microsoft Visual Studio Solution File, Format Version 12.00
# Visual Studio 14
VisualStudioVersion = 14.0.25420.1
MinimumVisualStudioVersion = 10.0.40219.1
Project("{FAE04EC0-301F-11D3-BF4B-00C04F79EFBC}") = "Date", "Date\Date.csproj", "{4C3583B6-C1D2-4A88-95E3-F2EAB0D90CAE}"
EndProject
Project("{E24C65DC-7377-472B-9ABA-BC803B73C61A}") = "DateServiceSite", "DateServiceSite\", "{56BE45EE-8BE1-4EDF-821D-636B971A59B9}"
	ProjectSection(WebsiteProperties) = preProject
		TargetFrameworkMoniker = ".NETFramework,Version%3Dv4.5.2"
		ProjectReferences = "{4c3583b6-c1d2-4a88-95e3-f2eab0d90cae}|Date.dll;"
		Debug.AspNetCompiler.VirtualPath = "/localhost_50699"
		Debug.AspNetCompiler.PhysicalPath = "DateServiceSite\"
		Debug.AspNetCompiler.TargetPath = "PrecompiledWeb\localhost_50699\"
		Debug.AspNetCompiler.Updateable = "true"
		Debug.AspNetCompiler.ForceOverwrite = "true"
		Debug.AspNetCompiler.FixedNames = "false"
		Debug.AspNetCompiler.Debug = "True"
		Release.AspNetCompiler.VirtualPath = "/localhost_50699"
		Release.AspNetCompiler.PhysicalPath = "DateServiceSite\"
		Release.AspNetCompiler.TargetPath = "PrecompiledWeb\localhost_50699\"
		Release.AspNetCompiler.Updateable = "true"
		Release.AspNetCompiler.ForceOverwrite = "true"
		Release.AspNetCompiler.FixedNames = "false"
		Release.AspNetCompiler.Debug = "False"
		VWDPort = "50699"
		SlnRelativePath = "DateServiceSite\"
		DefaultWebSiteLanguage = "Visual C#"
	EndProjectSection
EndProject
Project("{FAE04EC0-301F-11D3-BF4B-00C04F79EFBC}") = "ConsumeDateClient", "ConsumeDateClient\ConsumeDateClient.csproj", "{0357BC8A-EEA0-469B-8627-A6BCCFDB26D1}"
EndProject
Global
	GlobalSection(SolutionConfigurationPlatforms) = preSolution
		Debug|Any CPU = Debug|Any CPU
		Release|Any CPU = Release|Any CPU
	EndGlobalSection
	GlobalSection(ProjectConfigurationPlatforms) = postSolution
		{4C3583B6-C1D2-4A88-95E3-F2EAB0D90CAE}.Debug|Any CPU.ActiveCfg = Debug|Any CPU
		{4C3583B6-C1D2-4A88-95E3-F2EAB0D90CAE}.Debug|Any CPU.Build.0 = Debug|Any CPU
		{4C3583B6-C1D2-4A88-95E3-F2EAB0D90CAE}.Release|Any CPU.ActiveCfg = Release|Any CPU
		{4C3583B6-C1D2-4A88-95E3-F2EAB0D90CAE}.Release|Any CPU.Build.0 = Release|Any CPU
		{56BE45EE-8BE1-4EDF-821D-636B971A59B9}.Debug|Any CPU.ActiveCfg = Debug|Any CPU
		{56BE45EE-8BE1-4EDF-821D-636B971A59B9}.Debug|Any CPU.Build.0 = Debug|Any CPU
		{56BE45EE-8BE1-4EDF-821D-636B971A59B9}.Release|Any CPU.ActiveCfg = Debug|Any CPU
		{56BE45EE-8BE1-4EDF-821D-636B971A59B9}.Release|Any CPU.Build.0 = Debug|Any CPU
		{0357BC8A-EEA0-469B-8627-A6BCCFDB26D1}.Debug|Any CPU.ActiveCfg = Debug|Any CPU
		{0357BC8A-EEA0-469B-8627-A6BCCFDB26D1}.Debug|Any CPU.Build.0 = Debug|Any CPU
		{0357BC8A-EEA0-469B-8627-A6BCCFDB26D1}.Release|Any CPU.ActiveCfg = Release|Any CPU
		{0357BC8A-EEA0-469B-8627-A6BCCFDB26D1}.Release|Any CPU.Build.0 = Release|Any CPU
	EndGlobalSection
	GlobalSection(SolutionProperties) = preSolution
		HideSolutionNode = FALSE
	EndGlobalSection
EndGlobal
